PODS:
  - Firebase/Auth (10.1.0):
    - Firebase/CoreOnly
    - FirebaseAuth (~> 10.1.0)
  - Firebase/CoreOnly (10.1.0):
    - FirebaseCore (= 10.1.0)
  - Firebase/Database (10.1.0):
    - Firebase/CoreOnly
    - FirebaseDatabase (~> 10.1.0)
  - Firebase/Storage (10.1.0):
    - Firebase/CoreOnly
    - FirebaseStorage (~> 10.1.0)
  - firebase_auth (4.1.2):
    - Firebase/Auth (= 10.1.0)
    - firebase_core
    - Flutter
  - firebase_core (2.2.0):
    - Firebase/CoreOnly (= 10.1.0)
    - Flutter
  - firebase_database (10.0.5):
    - Firebase/Database (= 10.1.0)
    - firebase_core
    - Flutter
  - firebase_storage (11.0.5):
    - Firebase/Storage (= 10.1.0)
    - firebase_core
    - Flutter
  - FirebaseAppCheckInterop (10.1.0)
  - FirebaseAuth (10.1.0):
    - FirebaseCore (~> 10.0)
    - GoogleUtilities/AppDelegateSwizzler (~> 7.8)
    - GoogleUtilities/Environment (~> 7.8)
    - GTMSessionFetcher/Core (~> 2.1)
  - FirebaseAuthInterop (10.1.0)
  - FirebaseCore (10.1.0):
    - FirebaseCoreInternal (~> 10.0)
    - GoogleUtilities/Environment (~> 7.8)
    - GoogleUtilities/Logger (~> 7.8)
  - FirebaseCoreExtension (10.1.0):
    - FirebaseCore (~> 10.0)
  - FirebaseCoreInternal (10.1.0):
    - "GoogleUtilities/NSData+zlib (~> 7.8)"
  - FirebaseDatabase (10.1.0):
    - FirebaseCore (~> 10.0)
    - leveldb-library (~> 1.22)
  - FirebaseStorage (10.1.0):
    - FirebaseAppCheckInterop (~> 10.0)
    - FirebaseAuthInterop (~> 10.0)
    - FirebaseCore (~> 10.0)
    - FirebaseCoreExtension (~> 10.0)
    - GTMSessionFetcher/Core (~> 2.1)
  - Flutter (1.0.0)
  - fluttertoast (0.0.2):
    - Flutter
    - Toast
  - GoogleUtilities/AppDelegateSwizzler (7.10.0):
    - GoogleUtilities/Environment
    - GoogleUtilities/Logger
    - GoogleUtilities/Network
  - GoogleUtilities/Environment (7.10.0):
    - PromisesObjC (< 3.0, >= 1.2)
  - GoogleUtilities/Logger (7.10.0):
    - GoogleUtilities/Environment
  - GoogleUtilities/Network (7.10.0):
    - GoogleUtilities/Logger
    - "GoogleUtilities/NSData+zlib"
    - GoogleUtilities/Reachability
  - "GoogleUtilities/NSData+zlib (7.10.0)"
  - GoogleUtilities/Reachability (7.10.0):
    - GoogleUtilities/Logger
  - GTMSessionFetcher/Core (2.3.0)
  - image_picker_ios (0.0.1):
    - Flutter
  - leveldb-library (1.22.1)
  - modal_progress_hud_nsn (0.0.1):
    - Flutter
  - PromisesObjC (2.1.1)
  - Toast (4.0.0)

DEPENDENCIES:
  - firebase_auth (from `.symlinks/plugins/firebase_auth/ios`)
  - firebase_core (from `.symlinks/plugins/firebase_core/ios`)
  - firebase_database (from `.symlinks/plugins/firebase_database/ios`)
  - firebase_storage (from `.symlinks/plugins/firebase_storage/ios`)
  - Flutter (from `Flutter`)
  - fluttertoast (from `.symlinks/plugins/fluttertoast/ios`)
  - image_picker_ios (from `.symlinks/plugins/image_picker_ios/ios`)
  - modal_progress_hud_nsn (from `.symlinks/plugins/modal_progress_hud_nsn/ios`)

SPEC REPOS:
  trunk:
    - Firebase
    - FirebaseAppCheckInterop
    - FirebaseAuth
    - FirebaseAuthInterop
    - FirebaseCore
    - FirebaseCoreExtension
    - FirebaseCoreInternal
    - FirebaseDatabase
    - FirebaseStorage
    - GoogleUtilities
    - GTMSessionFetcher
    - leveldb-library
    - PromisesObjC
    - Toast

EXTERNAL SOURCES:
  firebase_auth:
    :path: ".symlinks/plugins/firebase_auth/ios"
  firebase_core:
    :path: ".symlinks/plugins/firebase_core/ios"
  firebase_database:
    :path: ".symlinks/plugins/firebase_database/ios"
  firebase_storage:
    :path: ".symlinks/plugins/firebase_storage/ios"
  Flutter:
    :path: Flutter
  fluttertoast:
    :path: ".symlinks/plugins/fluttertoast/ios"
  image_picker_ios:
    :path: ".symlinks/plugins/image_picker_ios/ios"
  modal_progress_hud_nsn:
    :path: ".symlinks/plugins/modal_progress_hud_nsn/ios"

SPEC CHECKSUMS:
  Firebase: 444b35a9c568a516666213c2f6cccd10cb12559f
  firebase_auth: 6e24814d3c9976a288da6bb7a49ac79616863b5b
  firebase_core: d2242c6f318db1d0dcecfbfa491e943337b0d755
  firebase_database: e27e635c7b0c1097a5968aa477978753c1eef64b
  firebase_storage: 4469fac809e7f0ac7bc01455f515b409718398a4
  FirebaseAppCheckInterop: 53eec3c354a95f8fe6ff947dd9518ea17f624914
  FirebaseAuth: 19a85b8a42e7c1104a2ffa6987c748daa79a5e64
  FirebaseAuthInterop: 15b2c717321d5e46a60562e388c4d1b039ea7e28
  FirebaseCore: 55e7ae35991ccca4db03ff8d8df6ed5f17a3e4c7
  FirebaseCoreExtension: 69b966c399abc4ca6dc75006ab87160f81512725
  FirebaseCoreInternal: 96d75228e10fd369564da51bd898414eb0f54df5
  FirebaseDatabase: 2dad4f291390ace067f46f7988600d3b46764b4e
  FirebaseStorage: 132c10c4d2f8ed8afbfa918eb35d19a87f383d59
  Flutter: f04841e97a9d0b0a8025694d0796dd46242b2854
  fluttertoast: 74526702fea2c060ea55dde75895b7e1bde1c86b
  GoogleUtilities: bad72cb363809015b1f7f19beb1f1cd23c589f95
  GTMSessionFetcher: 3a63d75eecd6aa32c2fc79f578064e1214dfdec2
  image_picker_ios: b786a5dcf033a8336a657191401bfdf12017dabb
  leveldb-library: 50c7b45cbd7bf543c81a468fe557a16ae3db8729
  modal_progress_hud_nsn: f6fb744cd060653d66ed8f325360ef3650eb2fde
  PromisesObjC: ab77feca74fa2823e7af4249b8326368e61014cb
  Toast: 91b396c56ee72a5790816f40d3a94dd357abc196

PODFILE CHECKSUM: ef19549a9bc3046e7bb7d2fab4d021637c0c58a3

COCOAPODS: 1.11.3
